
Microsoft Visual Studio Solution File, Format Version 12.00
# Visual Studio Version 17
VisualStudioVersion = 17.4.33205.214
MinimumVisualStudioVersion = 10.0.40219.1
Project("{9A19103F-16F7-4668-BE54-9A1E7A4F7556}") = "VTL.Vtl20Engine", "VTL.Vtl20Engine\VTL.Vtl20Engine.csproj", "{81D1467A-6711-4BB3-B6FC-3DCFA303A60A}"
EndProject
Project("{FAE04EC0-301F-11D3-BF4B-00C04F79EFBC}") = "VTL.Vtl20Engine.Test", "VTL.Vtl20Engine.Test\VTL.Vtl20Engine.Test.csproj", "{BF35DBB6-9300-47CB-9E70-7DC2EAC23635}"
EndProject
Global
	GlobalSection(SolutionConfigurationPlatforms) = preSolution
		Debug|Any CPU = Debug|Any CPU
		Release|Any CPU = Release|Any CPU
		TestBuild|Any CPU = TestBuild|Any CPU
	EndGlobalSection
	GlobalSection(ProjectConfigurationPlatforms) = postSolution
		{81D1467A-6711-4BB3-B6FC-3DCFA303A60A}.Debug|Any CPU.ActiveCfg = Debug|Any CPU
		{81D1467A-6711-4BB3-B6FC-3DCFA303A60A}.Debug|Any CPU.Build.0 = Debug|Any CPU
		{81D1467A-6711-4BB3-B6FC-3DCFA303A60A}.Release|Any CPU.ActiveCfg = Release|Any CPU
		{81D1467A-6711-4BB3-B6FC-3DCFA303A60A}.Release|Any CPU.Build.0 = Release|Any CPU
		{81D1467A-6711-4BB3-B6FC-3DCFA303A60A}.TestBuild|Any CPU.ActiveCfg = TestBuild|Any CPU
		{81D1467A-6711-4BB3-B6FC-3DCFA303A60A}.TestBuild|Any CPU.Build.0 = TestBuild|Any CPU
		{BF35DBB6-9300-47CB-9E70-7DC2EAC23635}.Debug|Any CPU.ActiveCfg = Debug|Any CPU
		{BF35DBB6-9300-47CB-9E70-7DC2EAC23635}.Debug|Any CPU.Build.0 = Debug|Any CPU
		{BF35DBB6-9300-47CB-9E70-7DC2EAC23635}.Release|Any CPU.ActiveCfg = Release|Any CPU
		{BF35DBB6-9300-47CB-9E70-7DC2EAC23635}.Release|Any CPU.Build.0 = Release|Any CPU
		{BF35DBB6-9300-47CB-9E70-7DC2EAC23635}.TestBuild|Any CPU.ActiveCfg = TestBuild|Any CPU
		{BF35DBB6-9300-47CB-9E70-7DC2EAC23635}.TestBuild|Any CPU.Build.0 = TestBuild|Any CPU
	EndGlobalSection
	GlobalSection(SolutionProperties) = preSolution
		HideSolutionNode = FALSE
	EndGlobalSection
	GlobalSection(ExtensibilityGlobals) = postSolution
		SolutionGuid = {D40A1160-D55B-45B4-8FE6-F46CE838A109}
	EndGlobalSection
EndGlobal
